
Microsoft Visual Studio Solution File, Format Version 12.00
# Visual Studio Version 17
VisualStudioVersion = 17.2.32516.85
MinimumVisualStudioVersion = 10.0.40219.1
Project("{9A19103F-16F7-4668-BE54-9A1E7A4F7556}") = "SuperSinkr.Workflow", "src\SuperSinkr.Workflow\SuperSinkr.Workflow.csproj", "{3AA4BBC4-E03B-4A88-9C63-DADF7335CF95}"
EndProject
Project("{FAE04EC0-301F-11D3-BF4B-00C04F79EFBC}") = "SuperSinkr.Tests", "src\SuperSinkr.Tests\SuperSinkr.Tests.csproj", "{A905C0BA-A342-4FF1-BAB4-083FB93E2324}"
EndProject
Project("{2150E333-8FDC-42A3-9474-1A3956D46DE8}") = "Docs", "Docs", "{A9752876-3A65-485C-87E0-DDA35BDFBB43}"
	ProjectSection(SolutionItems) = preProject
		LICENSE = LICENSE
		README.md = README.md
	EndProjectSection
EndProject
Project("{FAE04EC0-301F-11D3-BF4B-00C04F79EFBC}") = "SuperSinkr.Console", "src\SuperSinkr.Console\SuperSinkr.Console.csproj", "{6D27B080-3E5E-4ADA-80AD-22F27CDDC30E}"
EndProject
Global
	GlobalSection(SolutionConfigurationPlatforms) = preSolution
		Debug|Any CPU = Debug|Any CPU
		Release|Any CPU = Release|Any CPU
	EndGlobalSection
	GlobalSection(ProjectConfigurationPlatforms) = postSolution
		{3AA4BBC4-E03B-4A88-9C63-DADF7335CF95}.Debug|Any CPU.ActiveCfg = Debug|Any CPU
		{3AA4BBC4-E03B-4A88-9C63-DADF7335CF95}.Debug|Any CPU.Build.0 = Debug|Any CPU
		{3AA4BBC4-E03B-4A88-9C63-DADF7335CF95}.Release|Any CPU.ActiveCfg = Release|Any CPU
		{3AA4BBC4-E03B-4A88-9C63-DADF7335CF95}.Release|Any CPU.Build.0 = Release|Any CPU
		{A905C0BA-A342-4FF1-BAB4-083FB93E2324}.Debug|Any CPU.ActiveCfg = Debug|Any CPU
		{A905C0BA-A342-4FF1-BAB4-083FB93E2324}.Debug|Any CPU.Build.0 = Debug|Any CPU
		{A905C0BA-A342-4FF1-BAB4-083FB93E2324}.Release|Any CPU.ActiveCfg = Release|Any CPU
		{A905C0BA-A342-4FF1-BAB4-083FB93E2324}.Release|Any CPU.Build.0 = Release|Any CPU
		{6D27B080-3E5E-4ADA-80AD-22F27CDDC30E}.Debug|Any CPU.ActiveCfg = Debug|Any CPU
		{6D27B080-3E5E-4ADA-80AD-22F27CDDC30E}.Debug|Any CPU.Build.0 = Debug|Any CPU
		{6D27B080-3E5E-4ADA-80AD-22F27CDDC30E}.Release|Any CPU.ActiveCfg = Release|Any CPU
		{6D27B080-3E5E-4ADA-80AD-22F27CDDC30E}.Release|Any CPU.Build.0 = Release|Any CPU
	EndGlobalSection
	GlobalSection(SolutionProperties) = preSolution
		HideSolutionNode = FALSE
	EndGlobalSection
	GlobalSection(ExtensibilityGlobals) = postSolution
		SolutionGuid = {65942F96-E091-48A1-AB53-C5A4AE426076}
	EndGlobalSection
EndGlobal
